{
  "lockfileVersion": 1,
  "configVersion": 0,
  "workspaces": {
    "": {
      "name": "opencode-gui",
      "dependencies": {
        "@highlightjs/cdn-assets": "11.11.1",
        "marked": "15.0.11",
      },
      "devDependencies": {
        "@types/node": "20.17.17",
        "@types/vscode": "1.97.0",
        "typescript": "5.9.3",
      },
    },
  },
  "packages": {
    "@highlightjs/cdn-assets": ["@highlightjs/cdn-assets@11.11.1", "", {}, "sha512-VEPdHzwelZ12hEX18BHduqxMZGolcUsrbeokHYxOUIm8X2+M7nx5QPtPeQgRxR9XjhdLv4/7DD5BWOlSrJ3k7Q=="],

    "@types/node": ["@types/node@20.17.17", "", { "dependencies": { "undici-types": "~6.19.2" } }, "sha512-/WndGO4kIfMicEQLTi/mDANUu/iVUhT7KboZPdEqqHQ4aTS+3qT3U5gIqWDFV+XouorjfgGqvKILJeHhuQgFYg=="],

    "@types/vscode": ["@types/vscode@1.97.0", "", {}, "sha512-ueE73loeOTe7olaVyqP9mrRI54kVPJifUPjblZo9fYcv1CuVLPOEKEkqW0GkqPC454+nCEoigLWnC2Pp7prZ9w=="],

    "marked": ["marked@15.0.11", "", { "bin": "bin/marked.js" }, "sha512-1BEXAU2euRCG3xwgLVT1y0xbJEld1XOrmRJpUwRCcy7rxhSCwMrmEu9LXoPhHSCJG41V7YcQ2mjKRr5BA3ITIA=="],

    "typescript": ["typescript@5.9.3", "", { "bin": { "tsc": "bin/tsc", "tsserver": "bin/tsserver" } }, "sha512-jl1vZzPDinLr9eUt3J/t7V6FgNEw9QjvBPdysz9KfQDD41fQrC2Y4vKQdiaUpFT4bXlb1RHhLpp8wtm6M5TgSw=="],

    "undici-types": ["undici-types@6.19.8", "", {}, "sha512-ve2KP6f/JnbPBFyobGHuerC9g1FYGn/F8n1LWTwNxCEzd6IfqTwUQcNXgEtmmQ6DlRrC1hrSrBnCZPokRrDHjw=="],
  }
}
